
Microsoft Visual Studio Solution File, Format Version 12.00
# Visual Studio Version 17
VisualStudioVersion = 17.4.33205.214
MinimumVisualStudioVersion = 10.0.40219.1
Project("{FAE04EC0-301F-11D3-BF4B-00C04F79EFBC}") = "CDEUnileverAPI", "CDEUnileverAPI\CDEUnileverAPI.csproj", "{0CD23D4C-33F4-49F3-A1C3-B05E71019166}"
EndProject
Global
	GlobalSection(SolutionConfigurationPlatforms) = preSolution
		Debug|Any CPU = Debug|Any CPU
		Release|Any CPU = Release|Any CPU
	EndGlobalSection
	GlobalSection(ProjectConfigurationPlatforms) = postSolution
		{0CD23D4C-33F4-49F3-A1C3-B05E71019166}.Debug|Any CPU.ActiveCfg = Debug|Any CPU
		{0CD23D4C-33F4-49F3-A1C3-B05E71019166}.Debug|Any CPU.Build.0 = Debug|Any CPU
		{0CD23D4C-33F4-49F3-A1C3-B05E71019166}.Release|Any CPU.ActiveCfg = Release|Any CPU
		{0CD23D4C-33F4-49F3-A1C3-B05E71019166}.Release|Any CPU.Build.0 = Release|Any CPU
	EndGlobalSection
	GlobalSection(SolutionProperties) = preSolution
		HideSolutionNode = FALSE
	EndGlobalSection
	GlobalSection(ExtensibilityGlobals) = postSolution
		SolutionGuid = {ABF55D50-27E2-42B5-A683-C2BFDAB60269}
	EndGlobalSection
EndGlobal
